github.com/MVN-14/panggo v0.0.0-20240421183108-38c51d557fbf h1:Fwrspb8+T5LgAPRwRBLI85BrU2BxjPz72apq05l8E90=
github.com/MVN-14/panggo v0.0.0-20240421183108-38c51d557fbf/go.mod h1:OeIYAjWQchHwYiRA0ZZ3MC693G/MxsdEjYZOE2vetvQ=
github.com/MVN-14/panggo v0.0.0-20240421212024-ada8b3a51af7 h1:WtJGp07n6RNqbcpd6/ewgToPiORUmEiOlFyyEyHV6Z8=
github.com/MVN-14/panggo v0.0.0-20240421212024-ada8b3a51af7/go.mod h1:OeIYAjWQchHwYiRA0ZZ3MC693G/MxsdEjYZOE2vetvQ=
