github.com/MVN-14/panggo v0.0.0-20240421204322-4875e2f56deb h1:sltThyWF1eGQjB33aKgE9JVjQLIO+fTa63NkCynJ9LY=
github.com/MVN-14/panggo v0.0.0-20240421204322-4875e2f56deb/go.mod h1:OeIYAjWQchHwYiRA0ZZ3MC693G/MxsdEjYZOE2vetvQ=
github.com/MVN-14/panggo v0.0.0-20240421211834-fea9d70a0dbb h1:ZfVT7w7kSVRmSa/0P1ZBHWY8hVk9OMhKNLkk+H5T8E8=
github.com/MVN-14/panggo v0.0.0-20240421211834-fea9d70a0dbb/go.mod h1:OeIYAjWQchHwYiRA0ZZ3MC693G/MxsdEjYZOE2vetvQ=
github.com/MVN-14/panggo v0.0.0-20240421212024-ada8b3a51af7 h1:WtJGp07n6RNqbcpd6/ewgToPiORUmEiOlFyyEyHV6Z8=
github.com/MVN-14/panggo v0.0.0-20240421212024-ada8b3a51af7/go.mod h1:OeIYAjWQchHwYiRA0ZZ3MC693G/MxsdEjYZOE2vetvQ=
